// !$*UTF8*$!
{
	archiveVersion = 1;
	classes = {
	};
	objectVersion = 46;
	objects = {

/* Begin PBXBuildFile section */
		04E73C401C913CE5005715F1 /* AppDelegate.swift in Sources */ = {isa = PBXBuildFile; fileRef = 04E73C3F1C913CE5005715F1 /* AppDelegate.swift */; };
		04E73C421C913CE5005715F1 /* ViewController.swift in Sources */ = {isa = PBXBuildFile; fileRef = 04E73C411C913CE5005715F1 /* ViewController.swift */; };
		04E73C451C913CE5005715F1 /* Main.storyboard in Resources */ = {isa = PBXBuildFile; fileRef = 04E73C431C913CE5005715F1 /* Main.storyboard */; };
		04E73C471C913CE5005715F1 /* Assets.xcassets in Resources */ = {isa = PBXBuildFile; fileRef = 04E73C461C913CE5005715F1 /* Assets.xcassets */; };
		04E73C4A1C913CE5005715F1 /* LaunchScreen.storyboard in Resources */ = {isa = PBXBuildFile; fileRef = 04E73C481C913CE5005715F1 /* LaunchScreen.storyboard */; };
		04E73C521C913D67005715F1 /* PG-PieView.swift in Sources */ = {isa = PBXBuildFile; fileRef = 04E73C511C913D67005715F1 /* PG-PieView.swift */; };
/* End PBXBuildFile section */

/* Begin PBXFileReference section */
		04E73C3C1C913CE5005715F1 /* pieGraph.app */ = {isa = PBXFileReference; explicitFileType = wrapper.application; includeInIndex = 0; path = pieGraph.app; sourceTree = BUILT_PRODUCTS_DIR; };
		04E73C3F1C913CE5005715F1 /* AppDelegate.swift */ = {isa = PBXFileReference; lastKnownFileType = sourcecode.swift; path = AppDelegate.swift; sourceTree = "<group>"; };
		04E73C411C913CE5005715F1 /* ViewController.swift */ = {isa = PBXFileReference; lastKnownFileType = sourcecode.swift; path = ViewController.swift; sourceTree = "<group>"; };
		04E73C441C913CE5005715F1 /* Base */ = {isa = PBXFileReference; lastKnownFileType = file.storyboard; name = Base; path = Base.lproj/Main.storyboard; sourceTree = "<group>"; };
		04E73C461C913CE5005715F1 /* Assets.xcassets */ = {isa = PBXFileReference; lastKnownFileType = folder.assetcatalog; path = Assets.xcassets; sourceTree = "<group>"; };
		04E73C491C913CE5005715F1 /* Base */ = {isa = PBXFileReference; lastKnownFileType = file.storyboard; name = Base; path = Base.lproj/LaunchScreen.storyboard; sourceTree = "<group>"; };
		04E73C4B1C913CE5005715F1 /* Info.plist */ = {isa = PBXFileReference; lastKnownFileType = text.plist.xml; path = Info.plist; sourceTree = "<group>"; };
		04E73C511C913D67005715F1 /* PG-PieView.swift */ = {isa = PBXFileReference; fileEncoding = 4; lastKnownFileType = sourcecode.swift; path = "PG-PieView.swift"; sourceTree = "<group>"; };
/* End PBXFileReference section */

/* Begin PBXFrameworksBuildPhase section */
		04E73C391C913CE5005715F1 /* Frameworks */ = {
			isa = PBXFrameworksBuildPhase;
			buildActionMask = 2147483647;
			files = (
			);
			runOnlyForDeploymentPostprocessing = 0;
		};
/* End PBXFrameworksBuildPhase section */

/* Begin PBXGroup section */
		04E73C331C913CE5005715F1 = {
			isa = PBXGroup;
			children = (
				04E73C3E1C913CE5005715F1 /* pieGraph */,
				04E73C3D1C913CE5005715F1 /* Products */,
			);
			sourceTree = "<group>";
		};
		04E73C3D1C913CE5005715F1 /* Products */ = {
			isa = PBXGroup;
			children = (
				04E73C3C1C913CE5005715F1 /* pieGraph.app */,
			);
			name = Products;
			sourceTree = "<group>";
		};
		04E73C3E1C913CE5005715F1 /* pieGraph */ = {
			isa = PBXGroup;
			children = (
				04E73C3F1C913CE5005715F1 /* AppDelegate.swift */,
				04E73C411C913CE5005715F1 /* ViewController.swift */,
				04E73C511C913D67005715F1 /* PG-PieView.swift */,
				04E73C431C913CE5005715F1 /* Main.storyboard */,
				04E73C461C913CE5005715F1 /* Assets.xcassets */,
				04E73C481C913CE5005715F1 /* LaunchScreen.storyboard */,
				04E73C4B1C913CE5005715F1 /* Info.plist */,
			);
			path = pieGraph;
			sourceTree = "<group>";
		};
/* End PBXGroup section */

/* Begin PBXNativeTarget section */
		04E73C3B1C913CE5005715F1 /* pieGraph */ = {
			isa = PBXNativeTarget;
			buildConfigurationList = 04E73C4E1C913CE5005715F1 /* Build configuration list for PBXNativeTarget "pieGraph" */;
			buildPhases = (
				04E73C381C913CE5005715F1 /* Sources */,
				04E73C391C913CE5005715F1 /* Frameworks */,
				04E73C3A1C913CE5005715F1 /* Resources */,
			);
			buildRules = (
			);
			dependencies = (
			);
			name = pieGraph;
			productName = pieGraph;
			productReference = 04E73C3C1C913CE5005715F1 /* pieGraph.app */;
			productType = "com.apple.product-type.application";
		};
/* End PBXNativeTarget section */

/* Begin PBXProject section */
		04E73C341C913CE5005715F1 /* Project object */ = {
			isa = PBXProject;
			attributes = {
				LastSwiftUpdateCheck = 0720;
				LastUpgradeCheck = 0720;
				ORGANIZATIONNAME = Mac;
				TargetAttributes = {
					04E73C3B1C913CE5005715F1 = {
						CreatedOnToolsVersion = 7.2;
					};
				};
			};
			buildConfigurationList = 04E73C371C913CE5005715F1 /* Build configuration list for PBXProject "pieGraph" */;
			compatibilityVersion = "Xcode 3.2";
			developmentRegion = English;
			hasScannedForEncodings = 0;
			knownRegions = (
				en,
				Base,
			);
			mainGroup = 04E73C331C913CE5005715F1;
			productRefGroup = 04E73C3D1C913CE5005715F1 /* Products */;
			projectDirPath = "";
			projectRoot = "";
			targets = (
				04E73C3B1C913CE5005715F1 /* pieGraph */,
			);
		};
/* End PBXProject section */

/* Begin PBXResourcesBuildPhase section */
		04E73C3A1C913CE5005715F1 /* Resources */ = {
			isa = PBXResourcesBuildPhase;
			buildActionMask = 2147483647;
			files = (
				04E73C4A1C913CE5005715F1 /* LaunchScreen.storyboard in Resources */,
				04E73C471C913CE5005715F1 /* Assets.xcassets in Resources */,
				04E73C451C913CE5005715F1 /* Main.storyboard in Resources */,
			);
			runOnlyForDeploymentPostprocessing = 0;
		};
/* End PBXResourcesBuildPhase section */

/* Begin PBXSourcesBuildPhase section */
		04E73C381C913CE5005715F1 /* Sources */ = {
			isa = PBXSourcesBuildPhase;
			buildActionMask = 2147483647;
			files = (
				04E73C421C913CE5005715F1 /* ViewController.swift in Sources */,
				04E73C521C913D67005715F1 /* PG-PieView.swift in Sources */,
				04E73C401C913CE5005715F1 /* AppDelegate.swift in Sources */,
			);
			runOnlyForDeploymentPostprocessing = 0;
		};
/* End PBXSourcesBuildPhase section */

/* Begin PBXVariantGroup section */
		04E73C431C913CE5005715F1 /* Main.storyboard */ = {
			isa = PBXVariantGroup;
			children = (
				04E73C441C913CE5005715F1 /* Base */,
			);
			name = Main.storyboard;
			sourceTree = "<group>";
		};
		04E73C481C913CE5005715F1 /* LaunchScreen.storyboard */ = {
			isa = PBXVariantGroup;
			children = (
				04E73C491C913CE5005715F1 /* Base */,
			);
			name = LaunchScreen.storyboard;
			sourceTree = "<group>";
		};
/* End PBXVariantGroup section */

/* Begin XCBuildConfiguration section */
		04E73C4C1C913CE5005715F1 /* Debug */ = {
			isa = XCBuildConfiguration;
			buildSettings = {
				ALWAYS_SEARCH_USER_PATHS = NO;
				CLANG_CXX_LANGUAGE_STANDARD = "gnu++0x";
				CLANG_CXX_LIBRARY = "libc++";
				CLANG_ENABLE_MODULES = YES;
				CLANG_ENABLE_OBJC_ARC = YES;
				CLANG_WARN_BOOL_CONVERSION = YES;
				CLANG_WARN_CONSTANT_CONVERSION = YES;
				CLANG_WARN_DIRECT_OBJC_ISA_USAGE = YES_ERROR;
				CLANG_WARN_EMPTY_BODY = YES;
				CLANG_WARN_ENUM_CONVERSION = YES;
				CLANG_WARN_INT_CONVERSION = YES;
				CLANG_WARN_OBJC_ROOT_CLASS = YES_ERROR;
				CLANG_WARN_UNREACHABLE_CODE = YES;
				CLANG_WARN__DUPLICATE_METHOD_MATCH = YES;
				"CODE_SIGN_IDENTITY[sdk=iphoneos*]" = "iPhone Developer";
				COPY_PHASE_STRIP = NO;
				DEBUG_INFORMATION_FORMAT = dwarf;
				ENABLE_STRICT_OBJC_MSGSEND = YES;
				ENABLE_TESTABILITY = YES;
				GCC_C_LANGUAGE_STANDARD = gnu99;
				GCC_DYNAMIC_NO_PIC = NO;
				GCC_NO_COMMON_BLOCKS = YES;
				GCC_OPTIMIZATION_LEVEL = 0;
				GCC_PREPROCESSOR_DEFINITIONS = (
					"DEBUG=1",
					"$(inherited)",
				);
				GCC_WARN_64_TO_32_BIT_CONVERSION = YES;
				GCC_WARN_ABOUT_RETURN_TYPE = YES_ERROR;
				GCC_WARN_UNDECLARED_SELECTOR = YES;
				GCC_WARN_UNINITIALIZED_AUTOS = YES_AGGRESSIVE;
				GCC_WARN_UNUSED_FUNCTION = YES;
				GCC_WARN_UNUSED_VARIABLE = YES;
				IPHONEOS_DEPLOYMENT_TARGET = 9.2;
				MTL_ENABLE_DEBUG_INFO = YES;
				ONLY_ACTIVE_ARCH = YES;
				SDKROOT = iphoneos;
				SWIFT_OPTIMIZATION_LEVEL = "-Onone";
				TARGETED_DEVICE_FAMILY = "1,2";
			};
			name = Debug;
		};
		04E73C4D1C913CE5005715F1 /* Release */ = {
			isa = XCBuildConfiguration;
			buildSettings = {
				ALWAYS_SEARCH_USER_PATHS = NO;
				CLANG_CXX_LANGUAGE_STANDARD = "gnu++0x";
				CLANG_CXX_LIBRARY = "libc++";
				CLANG_ENABLE_MODULES = YES;
				CLANG_ENABLE_OBJC_ARC = YES;
				CLANG_WARN_BOOL_CONVERSION = YES;
				CLANG_WARN_CONSTANT_CONVERSION = YES;
				CLANG_WARN_DIRECT_OBJC_ISA_USAGE = YES_ERROR;
				CLANG_WARN_EMPTY_BODY = YES;
				CLANG_WARN_ENUM_CONVERSION = YES;
				CLANG_WARN_INT_CONVERSION = YES;
				CLANG_WARN_OBJC_ROOT_CLASS = YES_ERROR;
				CLANG_WARN_UNREACHABLE_CODE = YES;
				CLANG_WARN__DUPLICATE_METHOD_MATCH = YES;
				"CODE_SIGN_IDENTITY[sdk=iphoneos*]" = "iPhone Developer";
				COPY_PHASE_STRIP = NO;
				DEBUG_INFORMATION_FORMAT = "dwarf-with-dsym";
				ENABLE_NS_ASSERTIONS = NO;
				ENABLE_STRICT_OBJC_MSGSEND = YES;
				GCC_C_LANGUAGE_STANDARD = gnu99;
				GCC_NO_COMMON_BLOCKS = YES;
				GCC_WARN_64_TO_32_BIT_CONVERSION = YES;
				GCC_WARN_ABOUT_RETURN_TYPE = YES_ERROR;
				GCC_WARN_UNDECLARED_SELECTOR = YES;
				GCC_WARN_UNINITIALIZED_AUTOS = YES_AGGRESSIVE;
				GCC_WARN_UNUSED_FUNCTION = YES;
				GCC_WARN_UNUSED_VARIABLE = YES;
				IPHONEOS_DEPLOYMENT_TARGET = 9.2;
				MTL_ENABLE_DEBUG_INFO = NO;
				SDKROOT = iphoneos;
				TARGETED_DEVICE_FAMILY = "1,2";
				VALIDATE_PRODUCT = YES;
			};
			name = Release;
		};
		04E73C4F1C913CE5005715F1 /* Debug */ = {
			isa = XCBuildConfiguration;
			buildSettings = {
				ASSETCATALOG_COMPILER_APPICON_NAME = AppIcon;
				INFOPLIST_FILE = pieGraph/Info.plist;
				LD_RUNPATH_SEARCH_PATHS = "$(inherited) @executable_path/Frameworks";
				PRODUCT_BUNDLE_IDENTIFIER = zxcv.pieGraph;
				PRODUCT_NAME = "$(TARGET_NAME)";
			};
			name = Debug;
		};
		04E73C501C913CE5005715F1 /* Release */ = {
			isa = XCBuildConfiguration;
			buildSettings = {
				ASSETCATALOG_COMPILER_APPICON_NAME = AppIcon;
				INFOPLIST_FILE = pieGraph/Info.plist;
				LD_RUNPATH_SEARCH_PATHS = "$(inherited) @executable_path/Frameworks";
				PRODUCT_BUNDLE_IDENTIFIER = zxcv.pieGraph;
				PRODUCT_NAME = "$(TARGET_NAME)";
			};
			name = Release;
		};
/* End XCBuildConfiguration section */

/* Begin XCConfigurationList section */
		04E73C371C913CE5005715F1 /* Build configuration list for PBXProject "pieGraph" */ = {
			isa = XCConfigurationList;
			buildConfigurations = (
				04E73C4C1C913CE5005715F1 /* Debug */,
				04E73C4D1C913CE5005715F1 /* Release */,
			);
			defaultConfigurationIsVisible = 0;
			defaultConfigurationName = Release;
		};
		04E73C4E1C913CE5005715F1 /* Build configuration list for PBXNativeTarget "pieGraph" */ = {
			isa = XCConfigurationList;
			buildConfigurations = (
				04E73C4F1C913CE5005715F1 /* Debug */,
				04E73C501C913CE5005715F1 /* Release */,
			);
			defaultConfigurationIsVisible = 0;
		};
/* End XCConfigurationList section */
	};
	rootObject = 04E73C341C913CE5005715F1 /* Project object */;
}
